{
    "_readme": [
        "This file locks the dependencies of your project to a known state",
        "Read more about it at https://getcomposer.org/doc/01-basic-usage.md#composer-lock-the-lock-file",
        "This file is @generated automatically"
    ],
    "hash": "fb661285926d65ec70f7b1f38701886f",
    "content-hash": "b49f813e84834d1ffd6540fc74958f6f",
    "packages": [
        {
            "name": "ericmann/wp-session-manager",
            "version": "1.2.0",
            "source": {
                "type": "git",
                "url": "https://github.com/ericmann/wp-session-manager.git",
                "reference": "2263d891ea235b758c5b2098fda6aeee68e87bf4"
            },
            "dist": {
                "type": "zip",
                "url": "https://api.github.com/repos/ericmann/wp-session-manager/zipball/2263d891ea235b758c5b2098fda6aeee68e87bf4",
                "reference": "2263d891ea235b758c5b2098fda6aeee68e87bf4",
                "shasum": ""
            },
            "type": "wordpress-plugin",
            "notification-url": "https://packagist.org/downloads/",
            "time": "2014-09-30 04:24:24"
        },
        {
            "name": "gambitph/titan-framework",
            "version": "1.9.2",
            "source": {
                "type": "git",
                "url": "https://github.com/gambitph/Titan-Framework.git",
                "reference": "793bee37350acf4ff10ebf1068aa6d16cdc44da1"
            },
            "dist": {
                "type": "zip",
                "url": "https://api.github.com/repos/gambitph/Titan-Framework/zipball/793bee37350acf4ff10ebf1068aa6d16cdc44da1",
                "reference": "793bee37350acf4ff10ebf1068aa6d16cdc44da1",
                "shasum": ""
            },
            "type": "library",
            "autoload": {
                "files": [
                    "titan-framework.php"
                ]
            },
            "notification-url": "https://packagist.org/downloads/",
            "license": [
                "GPLv2+"
            ],
            "authors": [
                {
                    "name": "Gambit Technologies",
                    "email": "info@gambit.ph",
                    "homepage": "http://www.titanframework.net/",
                    "role": "Developer"
                }
            ],
            "description": "Titan Framework allows theme and plugin developers to create admin pages, options, meta boxes, and theme customizer options with just a few simple lines of code.",
            "homepage": "https://github.com/gambitph/Titan-Framework",
            "keywords": [
                "Titan Framework",
                "framework",
                "options",
                "titan",
                "wordpress"
            ],
            "time": "2015-10-06 16:21:47"
        }
    ],
    "packages-dev": [],
    "aliases": [],
    "minimum-stability": "stable",
    "stability-flags": [],
    "prefer-stable": false,
    "prefer-lowest": false,
    "platform": {
        "php": ">=5.3.0"
    },
    "platform-dev": []
}
